
Microsoft Visual Studio Solution File, Format Version 12.00
# Visual Studio Version 18
VisualStudioVersion = 18.1.11312.151 d18.0
MinimumVisualStudioVersion = 10.0.40219.1
Project("{FAE04EC0-301F-11D3-BF4B-00C04F79EFBC}") = "TKMQ", "TKMQ\TKMQ.csproj", "{7417A4FD-8478-4F8E-AFCF-30850B8D5CFB}"
EndProject
Global
	GlobalSection(SolutionConfigurationPlatforms) = preSolution
		Debug|Any CPU = Debug|Any CPU
		Release|Any CPU = Release|Any CPU
	EndGlobalSection
	GlobalSection(ProjectConfigurationPlatforms) = postSolution
		{7417A4FD-8478-4F8E-AFCF-30850B8D5CFB}.Debug|Any CPU.ActiveCfg = Debug|Any CPU
		{7417A4FD-8478-4F8E-AFCF-30850B8D5CFB}.Debug|Any CPU.Build.0 = Debug|Any CPU
		{7417A4FD-8478-4F8E-AFCF-30850B8D5CFB}.Release|Any CPU.ActiveCfg = Release|Any CPU
		{7417A4FD-8478-4F8E-AFCF-30850B8D5CFB}.Release|Any CPU.Build.0 = Release|Any CPU
	EndGlobalSection
	GlobalSection(SolutionProperties) = preSolution
		HideSolutionNode = FALSE
	EndGlobalSection
EndGlobal
